
Microsoft Visual Studio Solution File, Format Version 12.00
# Visual Studio 15
VisualStudioVersion = 15.0.27703.2042
MinimumVisualStudioVersion = 10.0.40219.1
Project("{FAE04EC0-301F-11D3-BF4B-00C04F79EFBC}") = "ConsignmentShop", "Project 1 - Consignment Shop\ConsignmentShop.csproj", "{B4E0900F-C397-46B6-974F-7481DB83B7BC}"
EndProject
Project("{FAE04EC0-301F-11D3-BF4B-00C04F79EFBC}") = "ConsignmentShopClasses", "ClassLibrary1\ConsignmentShopClasses.csproj", "{E4572181-2AA1-4243-B171-1D6FAF0E4CA3}"
EndProject
Global
	GlobalSection(SolutionConfigurationPlatforms) = preSolution
		Debug|Any CPU = Debug|Any CPU
		Release|Any CPU = Release|Any CPU
	EndGlobalSection
	GlobalSection(ProjectConfigurationPlatforms) = postSolution
		{B4E0900F-C397-46B6-974F-7481DB83B7BC}.Debug|Any CPU.ActiveCfg = Debug|Any CPU
		{B4E0900F-C397-46B6-974F-7481DB83B7BC}.Debug|Any CPU.Build.0 = Debug|Any CPU
		{B4E0900F-C397-46B6-974F-7481DB83B7BC}.Release|Any CPU.ActiveCfg = Release|Any CPU
		{B4E0900F-C397-46B6-974F-7481DB83B7BC}.Release|Any CPU.Build.0 = Release|Any CPU
		{E4572181-2AA1-4243-B171-1D6FAF0E4CA3}.Debug|Any CPU.ActiveCfg = Debug|Any CPU
		{E4572181-2AA1-4243-B171-1D6FAF0E4CA3}.Debug|Any CPU.Build.0 = Debug|Any CPU
		{E4572181-2AA1-4243-B171-1D6FAF0E4CA3}.Release|Any CPU.ActiveCfg = Release|Any CPU
		{E4572181-2AA1-4243-B171-1D6FAF0E4CA3}.Release|Any CPU.Build.0 = Release|Any CPU
	EndGlobalSection
	GlobalSection(SolutionProperties) = preSolution
		HideSolutionNode = FALSE
	EndGlobalSection
	GlobalSection(ExtensibilityGlobals) = postSolution
		SolutionGuid = {EE8D7666-2E32-4EA9-966D-6C6522919EAD}
	EndGlobalSection
EndGlobal
